
Microsoft Visual Studio Solution File, Format Version 12.00
# Visual Studio Version 16
VisualStudioVersion = 16.0.29215.179
MinimumVisualStudioVersion = 10.0.40219.1
Project("{FAE04EC0-301F-11D3-BF4B-00C04F79EFBC}") = "AutomatedTellerMachine", "AutomatedTellerMachine\AutomatedTellerMachine.csproj", "{1C11B3C6-F029-4C6B-A8A4-39524FEC31D2}"
EndProject
Project("{FAE04EC0-301F-11D3-BF4B-00C04F79EFBC}") = "AutomatedTellerMachine.Tests", "AutomatedTellerMachine.Tests\AutomatedTellerMachine.Tests.csproj", "{6D160823-441A-41DF-BF1D-BFE565C469C2}"
EndProject
Global
	GlobalSection(SolutionConfigurationPlatforms) = preSolution
		Debug|Any CPU = Debug|Any CPU
		Release|Any CPU = Release|Any CPU
	EndGlobalSection
	GlobalSection(ProjectConfigurationPlatforms) = postSolution
		{1C11B3C6-F029-4C6B-A8A4-39524FEC31D2}.Debug|Any CPU.ActiveCfg = Debug|Any CPU
		{1C11B3C6-F029-4C6B-A8A4-39524FEC31D2}.Debug|Any CPU.Build.0 = Debug|Any CPU
		{1C11B3C6-F029-4C6B-A8A4-39524FEC31D2}.Release|Any CPU.ActiveCfg = Release|Any CPU
		{1C11B3C6-F029-4C6B-A8A4-39524FEC31D2}.Release|Any CPU.Build.0 = Release|Any CPU
		{6D160823-441A-41DF-BF1D-BFE565C469C2}.Debug|Any CPU.ActiveCfg = Debug|Any CPU
		{6D160823-441A-41DF-BF1D-BFE565C469C2}.Debug|Any CPU.Build.0 = Debug|Any CPU
		{6D160823-441A-41DF-BF1D-BFE565C469C2}.Release|Any CPU.ActiveCfg = Release|Any CPU
		{6D160823-441A-41DF-BF1D-BFE565C469C2}.Release|Any CPU.Build.0 = Release|Any CPU
	EndGlobalSection
	GlobalSection(SolutionProperties) = preSolution
		HideSolutionNode = FALSE
	EndGlobalSection
	GlobalSection(ExtensibilityGlobals) = postSolution
		SolutionGuid = {0628320D-F4A3-4B54-A9D9-9790F794B754}
	EndGlobalSection
EndGlobal
